
Microsoft Visual Studio Solution File, Format Version 12.00
# Visual Studio Version 17
VisualStudioVersion = 17.3.32611.2
MinimumVisualStudioVersion = 10.0.40219.1
Project("{FAE04EC0-301F-11D3-BF4B-00C04F79EFBC}") = "FirstPWA", "FirstPWA.csproj", "{CC911B9E-3BD1-4CC2-ACD4-FF137C399CDF}"
EndProject
Global
	GlobalSection(SolutionConfigurationPlatforms) = preSolution
		Debug|Any CPU = Debug|Any CPU
		Release|Any CPU = Release|Any CPU
	EndGlobalSection
	GlobalSection(ProjectConfigurationPlatforms) = postSolution
		{CC911B9E-3BD1-4CC2-ACD4-FF137C399CDF}.Debug|Any CPU.ActiveCfg = Debug|Any CPU
		{CC911B9E-3BD1-4CC2-ACD4-FF137C399CDF}.Debug|Any CPU.Build.0 = Debug|Any CPU
		{CC911B9E-3BD1-4CC2-ACD4-FF137C399CDF}.Release|Any CPU.ActiveCfg = Release|Any CPU
		{CC911B9E-3BD1-4CC2-ACD4-FF137C399CDF}.Release|Any CPU.Build.0 = Release|Any CPU
	EndGlobalSection
	GlobalSection(SolutionProperties) = preSolution
		HideSolutionNode = FALSE
	EndGlobalSection
	GlobalSection(ExtensibilityGlobals) = postSolution
		SolutionGuid = {E5C8EF5D-48DD-46DC-9AB4-41B0923F1190}
	EndGlobalSection
EndGlobal
